
Microsoft Visual Studio Solution File, Format Version 12.00
# Visual Studio 14
VisualStudioVersion = 14.0.24720.0
MinimumVisualStudioVersion = 10.0.40219.1
Project("{2150E333-8FDC-42A3-9474-1A3956D46DE8}") = "01入门", "01入门", "{8E827EB8-38E5-4A2C-BB52-3EA58B191293}"
EndProject
Project("{FAE04EC0-301F-11D3-BF4B-00C04F79EFBC}") = "MvcMusicStore", "MvcMusicStore\MvcMusicStore.csproj", "{CF9CB2F9-0B9A-4A9A-B70F-0F19F3F72834}"
EndProject
Project("{FAE04EC0-301F-11D3-BF4B-00C04F79EFBC}") = "MvcMusicStore.Tests", "MvcMusicStore.Tests\MvcMusicStore.Tests.csproj", "{2AA01556-5CE7-4105-A46C-99DA399E2E95}"
EndProject
Project("{2150E333-8FDC-42A3-9474-1A3956D46DE8}") = "02控制器", "02控制器", "{3A963862-5845-47DD-B5BC-8C86984A4240}"
EndProject
Project("{FAE04EC0-301F-11D3-BF4B-00C04F79EFBC}") = "MvcMusicStore_02", "MvcMusicStore_02\MvcMusicStore_02.csproj", "{CBD36F1C-DBC4-419A-98A1-38CB0200683E}"
EndProject
Project("{FAE04EC0-301F-11D3-BF4B-00C04F79EFBC}") = "MvcMusicStore_02.Tests", "MvcMusicStore_02.Tests\MvcMusicStore_02.Tests.csproj", "{B5ABFD51-1A87-4B45-BA84-C6D14B8E0C59}"
EndProject
Project("{2150E333-8FDC-42A3-9474-1A3956D46DE8}") = "03视图", "03视图", "{B11DAEF9-B22E-4D7C-84E1-0158372B8FCD}"
EndProject
Project("{FAE04EC0-301F-11D3-BF4B-00C04F79EFBC}") = "MVCMusicStore_03", "MVCMusicStore_03\MVCMusicStore_03.csproj", "{C2D92443-3484-40A0-8A5F-72041CD74720}"
EndProject
Project("{FAE04EC0-301F-11D3-BF4B-00C04F79EFBC}") = "MVCMusicStore_03.Tests", "MVCMusicStore_03.Tests\MVCMusicStore_03.Tests.csproj", "{EEE1E714-0491-4149-BC44-5B8FFF0B2E78}"
EndProject
Project("{2150E333-8FDC-42A3-9474-1A3956D46DE8}") = "04模型", "04模型", "{3A861800-C240-405E-9C60-B80E4AD9CF2F}"
EndProject
Project("{FAE04EC0-301F-11D3-BF4B-00C04F79EFBC}") = "MVCMusicStore_04", "MVCMusicStore_04\MVCMusicStore_04.csproj", "{31B0F4C6-0546-44C2-8567-99AC9CEDD39F}"
EndProject
Project("{FAE04EC0-301F-11D3-BF4B-00C04F79EFBC}") = "MVCMusicStore_04.Tests", "MVCMusicStore_04.Tests\MVCMusicStore_04.Tests.csproj", "{B4F8E99A-2329-4CF5-9405-F34A0FB35E9C}"
EndProject
Project("{2150E333-8FDC-42A3-9474-1A3956D46DE8}") = "05表单和HTML辅助方法", "05表单和HTML辅助方法", "{155BB2C7-1B70-4041-A0D6-7FD9E23E6E48}"
EndProject
Project("{FAE04EC0-301F-11D3-BF4B-00C04F79EFBC}") = "MVCMusicStore_05", "MVCMusicStore_05\MVCMusicStore_05.csproj", "{36BB1CCB-A551-4701-B41D-FB4836C5409E}"
EndProject
Project("{FAE04EC0-301F-11D3-BF4B-00C04F79EFBC}") = "MVCMusicStore_05.Tests", "MVCMusicStore_05.Tests\MVCMusicStore_05.Tests.csproj", "{9837CD05-A484-48A6-87D1-20C08EFCBDE2}"
EndProject
Project("{2150E333-8FDC-42A3-9474-1A3956D46DE8}") = "06数据注解和验证", "06数据注解和验证", "{B308D0E3-E523-4E7B-80AD-4B619CD129B1}"
EndProject
Project("{FAE04EC0-301F-11D3-BF4B-00C04F79EFBC}") = "MVCMusicStore_06", "MVCMusicStore_06\MVCMusicStore_06.csproj", "{E3395808-20D3-4ABA-B348-6ECB2ECC7924}"
EndProject
Project("{FAE04EC0-301F-11D3-BF4B-00C04F79EFBC}") = "MVCMusicStore_06.Tests", "MVCMusicStore_06.Tests\MVCMusicStore_06.Tests.csproj", "{2C8A6EB4-F2E3-4BF7-8E22-C545B1C7BFF5}"
EndProject
Project("{2150E333-8FDC-42A3-9474-1A3956D46DE8}") = "07成员资格、授权和安全性", "07成员资格、授权和安全性", "{9D3E8526-1DB9-4F08-A314-34CCBF661AAE}"
EndProject
Project("{FAE04EC0-301F-11D3-BF4B-00C04F79EFBC}") = "MVCMusicStore_07", "MVCMusicStore_07\MVCMusicStore_07.csproj", "{4F98D952-7635-4457-B085-0E82B6FB5060}"
EndProject
Project("{FAE04EC0-301F-11D3-BF4B-00C04F79EFBC}") = "MVCMusicStore_07.Tests", "MVCMusicStore_07.Tests\MVCMusicStore_07.Tests.csproj", "{39C4DC90-19DB-4864-BDA1-CF440DBD783C}"
EndProject
Project("{2150E333-8FDC-42A3-9474-1A3956D46DE8}") = "08Ajax", "08Ajax", "{5F4B17C2-8ED4-4212-AD1C-B771A8C0F375}"
EndProject
Project("{FAE04EC0-301F-11D3-BF4B-00C04F79EFBC}") = "MVCMusicStore_08", "MVCMusicStore_08\MVCMusicStore_08.csproj", "{D72CAE35-5CBA-459B-8803-635F0FF55EC9}"
EndProject
Project("{FAE04EC0-301F-11D3-BF4B-00C04F79EFBC}") = "MVCMusicStore_08.Tests", "MVCMusicStore_08.Tests\MVCMusicStore_08.Tests.csproj", "{9976BDFF-0290-430E-8D1B-AB73C5DBCFF9}"
EndProject
Project("{2150E333-8FDC-42A3-9474-1A3956D46DE8}") = "09路由", "09路由", "{4EF8B03B-72D8-426F-992D-B5F8E22805F3}"
EndProject
Project("{FAE04EC0-301F-11D3-BF4B-00C04F79EFBC}") = "MVCMusicStore_09", "MVCMusicStore_09\MVCMusicStore_09.csproj", "{ED83D682-DE17-46D4-A85B-C243537FC1A7}"
EndProject
Project("{FAE04EC0-301F-11D3-BF4B-00C04F79EFBC}") = "MVCMusicStore_09.Tests", "MVCMusicStore_09.Tests\MVCMusicStore_09.Tests.csproj", "{C0701343-35F9-42F2-8A91-D520FFE39CCF}"
EndProject
Project("{2150E333-8FDC-42A3-9474-1A3956D46DE8}") = "MVC_10", "MVC_10", "{476A38F3-718B-4719-BFB6-77A562115A5E}"
EndProject
Project("{FAE04EC0-301F-11D3-BF4B-00C04F79EFBC}") = "MVC_10", "MVC_10\MVC_10.csproj", "{0366CECB-60F7-4615-A0BD-5B017479FFFA}"
EndProject
Project("{FAE04EC0-301F-11D3-BF4B-00C04F79EFBC}") = "MVC_10.Tests", "MVC_10.Tests\MVC_10.Tests.csproj", "{C3F854DC-7C58-4A07-BBA6-490810E0632F}"
EndProject
Project("{2150E333-8FDC-42A3-9474-1A3956D46DE8}") = "MVCMusicStore_11", "MVCMusicStore_11", "{8CB3C308-0EBE-4316-9335-8CEECE5C2231}"
EndProject
Project("{FAE04EC0-301F-11D3-BF4B-00C04F79EFBC}") = "MVCMusicStore_11", "MVCMusicStore_11\MVCMusicStore_11.csproj", "{26100A45-C9B9-460B-8DD5-9D72F446C3E9}"
EndProject
Project("{2150E333-8FDC-42A3-9474-1A3956D46DE8}") = "MVCAngularJS_12", "MVCAngularJS_12", "{F9F7B3EE-4197-45DA-8D47-9AA2526B471D}"
EndProject
Project("{FAE04EC0-301F-11D3-BF4B-00C04F79EFBC}") = "MVCAngularJS_12", "MVCAngularJS_12\MVCAngularJS_12.csproj", "{2300ACB4-0134-49E0-9A0A-B2BD6E51C981}"
EndProject
Project("{2150E333-8FDC-42A3-9474-1A3956D46DE8}") = "13依赖注入", "13依赖注入", "{3EF2C292-D1F4-4A05-9650-E0C518895095}"
EndProject
Project("{FAE04EC0-301F-11D3-BF4B-00C04F79EFBC}") = "MVCDemo_13", "MVCDemo_13\MVCDemo_13.csproj", "{437BDD1D-51D6-4531-B558-7EC0F61FD8C8}"
EndProject
Project("{FAE04EC0-301F-11D3-BF4B-00C04F79EFBC}") = "MVCDemo_13.Tests", "MVCDemo_13.Tests\MVCDemo_13.Tests.csproj", "{43D7AAAE-4B58-4F59-9FBA-413769E10555}"
EndProject
Project("{2150E333-8FDC-42A3-9474-1A3956D46DE8}") = "14单元测试", "14单元测试", "{021CED46-CE79-4611-85C3-08E2D5826687}"
EndProject
Project("{FAE04EC0-301F-11D3-BF4B-00C04F79EFBC}") = "14UnitTestsDemo", "14UnitTestsDemo\14UnitTestsDemo.csproj", "{B1C37F6A-F7E9-4D42-8486-B17CA995DDFF}"
EndProject
Project("{FAE04EC0-301F-11D3-BF4B-00C04F79EFBC}") = "14UnitTestsDemo.Tests", "14UnitTestsDemo.Tests\14UnitTestsDemo.Tests.csproj", "{A39D4D9A-1020-4FF0-BD60-D8A0C38F3F81}"
EndProject
Project("{2150E333-8FDC-42A3-9474-1A3956D46DE8}") = "15扩展ASP.NETMVC", "15扩展ASP.NETMVC", "{6B937290-DA97-4ADD-8189-9A3E27364C72}"
EndProject
Project("{FAE04EC0-301F-11D3-BF4B-00C04F79EFBC}") = "15扩展Demo", "15扩展Demo\15扩展Demo.csproj", "{ECB8F278-9B2A-4FE9-A0C2-3DD7F2C826EC}"
EndProject
Global
	GlobalSection(SolutionConfigurationPlatforms) = preSolution
		Debug|Any CPU = Debug|Any CPU
		Release|Any CPU = Release|Any CPU
	EndGlobalSection
	GlobalSection(ProjectConfigurationPlatforms) = postSolution
		{CF9CB2F9-0B9A-4A9A-B70F-0F19F3F72834}.Debug|Any CPU.ActiveCfg = Debug|Any CPU
		{CF9CB2F9-0B9A-4A9A-B70F-0F19F3F72834}.Debug|Any CPU.Build.0 = Debug|Any CPU
		{CF9CB2F9-0B9A-4A9A-B70F-0F19F3F72834}.Release|Any CPU.ActiveCfg = Release|Any CPU
		{CF9CB2F9-0B9A-4A9A-B70F-0F19F3F72834}.Release|Any CPU.Build.0 = Release|Any CPU
		{2AA01556-5CE7-4105-A46C-99DA399E2E95}.Debug|Any CPU.ActiveCfg = Debug|Any CPU
		{2AA01556-5CE7-4105-A46C-99DA399E2E95}.Debug|Any CPU.Build.0 = Debug|Any CPU
		{2AA01556-5CE7-4105-A46C-99DA399E2E95}.Release|Any CPU.ActiveCfg = Release|Any CPU
		{2AA01556-5CE7-4105-A46C-99DA399E2E95}.Release|Any CPU.Build.0 = Release|Any CPU
		{CBD36F1C-DBC4-419A-98A1-38CB0200683E}.Debug|Any CPU.ActiveCfg = Debug|Any CPU
		{CBD36F1C-DBC4-419A-98A1-38CB0200683E}.Debug|Any CPU.Build.0 = Debug|Any CPU
		{CBD36F1C-DBC4-419A-98A1-38CB0200683E}.Release|Any CPU.ActiveCfg = Release|Any CPU
		{CBD36F1C-DBC4-419A-98A1-38CB0200683E}.Release|Any CPU.Build.0 = Release|Any CPU
		{B5ABFD51-1A87-4B45-BA84-C6D14B8E0C59}.Debug|Any CPU.ActiveCfg = Debug|Any CPU
		{B5ABFD51-1A87-4B45-BA84-C6D14B8E0C59}.Debug|Any CPU.Build.0 = Debug|Any CPU
		{B5ABFD51-1A87-4B45-BA84-C6D14B8E0C59}.Release|Any CPU.ActiveCfg = Release|Any CPU
		{B5ABFD51-1A87-4B45-BA84-C6D14B8E0C59}.Release|Any CPU.Build.0 = Release|Any CPU
		{C2D92443-3484-40A0-8A5F-72041CD74720}.Debug|Any CPU.ActiveCfg = Debug|Any CPU
		{C2D92443-3484-40A0-8A5F-72041CD74720}.Debug|Any CPU.Build.0 = Debug|Any CPU
		{C2D92443-3484-40A0-8A5F-72041CD74720}.Release|Any CPU.ActiveCfg = Release|Any CPU
		{C2D92443-3484-40A0-8A5F-72041CD74720}.Release|Any CPU.Build.0 = Release|Any CPU
		{EEE1E714-0491-4149-BC44-5B8FFF0B2E78}.Debug|Any CPU.ActiveCfg = Debug|Any CPU
		{EEE1E714-0491-4149-BC44-5B8FFF0B2E78}.Debug|Any CPU.Build.0 = Debug|Any CPU
		{EEE1E714-0491-4149-BC44-5B8FFF0B2E78}.Release|Any CPU.ActiveCfg = Release|Any CPU
		{EEE1E714-0491-4149-BC44-5B8FFF0B2E78}.Release|Any CPU.Build.0 = Release|Any CPU
		{31B0F4C6-0546-44C2-8567-99AC9CEDD39F}.Debug|Any CPU.ActiveCfg = Debug|Any CPU
		{31B0F4C6-0546-44C2-8567-99AC9CEDD39F}.Debug|Any CPU.Build.0 = Debug|Any CPU
		{31B0F4C6-0546-44C2-8567-99AC9CEDD39F}.Release|Any CPU.ActiveCfg = Release|Any CPU
		{31B0F4C6-0546-44C2-8567-99AC9CEDD39F}.Release|Any CPU.Build.0 = Release|Any CPU
		{B4F8E99A-2329-4CF5-9405-F34A0FB35E9C}.Debug|Any CPU.ActiveCfg = Debug|Any CPU
		{B4F8E99A-2329-4CF5-9405-F34A0FB35E9C}.Debug|Any CPU.Build.0 = Debug|Any CPU
		{B4F8E99A-2329-4CF5-9405-F34A0FB35E9C}.Release|Any CPU.ActiveCfg = Release|Any CPU
		{B4F8E99A-2329-4CF5-9405-F34A0FB35E9C}.Release|Any CPU.Build.0 = Release|Any CPU
		{36BB1CCB-A551-4701-B41D-FB4836C5409E}.Debug|Any CPU.ActiveCfg = Debug|Any CPU
		{36BB1CCB-A551-4701-B41D-FB4836C5409E}.Debug|Any CPU.Build.0 = Debug|Any CPU
		{36BB1CCB-A551-4701-B41D-FB4836C5409E}.Release|Any CPU.ActiveCfg = Release|Any CPU
		{36BB1CCB-A551-4701-B41D-FB4836C5409E}.Release|Any CPU.Build.0 = Release|Any CPU
		{9837CD05-A484-48A6-87D1-20C08EFCBDE2}.Debug|Any CPU.ActiveCfg = Debug|Any CPU
		{9837CD05-A484-48A6-87D1-20C08EFCBDE2}.Debug|Any CPU.Build.0 = Debug|Any CPU
		{9837CD05-A484-48A6-87D1-20C08EFCBDE2}.Release|Any CPU.ActiveCfg = Release|Any CPU
		{9837CD05-A484-48A6-87D1-20C08EFCBDE2}.Release|Any CPU.Build.0 = Release|Any CPU
		{E3395808-20D3-4ABA-B348-6ECB2ECC7924}.Debug|Any CPU.ActiveCfg = Debug|Any CPU
		{E3395808-20D3-4ABA-B348-6ECB2ECC7924}.Debug|Any CPU.Build.0 = Debug|Any CPU
		{E3395808-20D3-4ABA-B348-6ECB2ECC7924}.Release|Any CPU.ActiveCfg = Release|Any CPU
		{E3395808-20D3-4ABA-B348-6ECB2ECC7924}.Release|Any CPU.Build.0 = Release|Any CPU
		{2C8A6EB4-F2E3-4BF7-8E22-C545B1C7BFF5}.Debug|Any CPU.ActiveCfg = Debug|Any CPU
		{2C8A6EB4-F2E3-4BF7-8E22-C545B1C7BFF5}.Debug|Any CPU.Build.0 = Debug|Any CPU
		{2C8A6EB4-F2E3-4BF7-8E22-C545B1C7BFF5}.Release|Any CPU.ActiveCfg = Release|Any CPU
		{2C8A6EB4-F2E3-4BF7-8E22-C545B1C7BFF5}.Release|Any CPU.Build.0 = Release|Any CPU
		{4F98D952-7635-4457-B085-0E82B6FB5060}.Debug|Any CPU.ActiveCfg = Debug|Any CPU
		{4F98D952-7635-4457-B085-0E82B6FB5060}.Debug|Any CPU.Build.0 = Debug|Any CPU
		{4F98D952-7635-4457-B085-0E82B6FB5060}.Release|Any CPU.ActiveCfg = Release|Any CPU
		{4F98D952-7635-4457-B085-0E82B6FB5060}.Release|Any CPU.Build.0 = Release|Any CPU
		{39C4DC90-19DB-4864-BDA1-CF440DBD783C}.Debug|Any CPU.ActiveCfg = Debug|Any CPU
		{39C4DC90-19DB-4864-BDA1-CF440DBD783C}.Debug|Any CPU.Build.0 = Debug|Any CPU
		{39C4DC90-19DB-4864-BDA1-CF440DBD783C}.Release|Any CPU.ActiveCfg = Release|Any CPU
		{39C4DC90-19DB-4864-BDA1-CF440DBD783C}.Release|Any CPU.Build.0 = Release|Any CPU
		{D72CAE35-5CBA-459B-8803-635F0FF55EC9}.Debug|Any CPU.ActiveCfg = Debug|Any CPU
		{D72CAE35-5CBA-459B-8803-635F0FF55EC9}.Debug|Any CPU.Build.0 = Debug|Any CPU
		{D72CAE35-5CBA-459B-8803-635F0FF55EC9}.Release|Any CPU.ActiveCfg = Release|Any CPU
		{D72CAE35-5CBA-459B-8803-635F0FF55EC9}.Release|Any CPU.Build.0 = Release|Any CPU
		{9976BDFF-0290-430E-8D1B-AB73C5DBCFF9}.Debug|Any CPU.ActiveCfg = Debug|Any CPU
		{9976BDFF-0290-430E-8D1B-AB73C5DBCFF9}.Debug|Any CPU.Build.0 = Debug|Any CPU
		{9976BDFF-0290-430E-8D1B-AB73C5DBCFF9}.Release|Any CPU.ActiveCfg = Release|Any CPU
		{9976BDFF-0290-430E-8D1B-AB73C5DBCFF9}.Release|Any CPU.Build.0 = Release|Any CPU
		{ED83D682-DE17-46D4-A85B-C243537FC1A7}.Debug|Any CPU.ActiveCfg = Debug|Any CPU
		{ED83D682-DE17-46D4-A85B-C243537FC1A7}.Debug|Any CPU.Build.0 = Debug|Any CPU
		{ED83D682-DE17-46D4-A85B-C243537FC1A7}.Release|Any CPU.ActiveCfg = Release|Any CPU
		{ED83D682-DE17-46D4-A85B-C243537FC1A7}.Release|Any CPU.Build.0 = Release|Any CPU
		{C0701343-35F9-42F2-8A91-D520FFE39CCF}.Debug|Any CPU.ActiveCfg = Debug|Any CPU
		{C0701343-35F9-42F2-8A91-D520FFE39CCF}.Debug|Any CPU.Build.0 = Debug|Any CPU
		{C0701343-35F9-42F2-8A91-D520FFE39CCF}.Release|Any CPU.ActiveCfg = Release|Any CPU
		{C0701343-35F9-42F2-8A91-D520FFE39CCF}.Release|Any CPU.Build.0 = Release|Any CPU
		{0366CECB-60F7-4615-A0BD-5B017479FFFA}.Debug|Any CPU.ActiveCfg = Debug|Any CPU
		{0366CECB-60F7-4615-A0BD-5B017479FFFA}.Debug|Any CPU.Build.0 = Debug|Any CPU
		{0366CECB-60F7-4615-A0BD-5B017479FFFA}.Release|Any CPU.ActiveCfg = Release|Any CPU
		{0366CECB-60F7-4615-A0BD-5B017479FFFA}.Release|Any CPU.Build.0 = Release|Any CPU
		{C3F854DC-7C58-4A07-BBA6-490810E0632F}.Debug|Any CPU.ActiveCfg = Debug|Any CPU
		{C3F854DC-7C58-4A07-BBA6-490810E0632F}.Debug|Any CPU.Build.0 = Debug|Any CPU
		{C3F854DC-7C58-4A07-BBA6-490810E0632F}.Release|Any CPU.ActiveCfg = Release|Any CPU
		{C3F854DC-7C58-4A07-BBA6-490810E0632F}.Release|Any CPU.Build.0 = Release|Any CPU
		{26100A45-C9B9-460B-8DD5-9D72F446C3E9}.Debug|Any CPU.ActiveCfg = Debug|Any CPU
		{26100A45-C9B9-460B-8DD5-9D72F446C3E9}.Debug|Any CPU.Build.0 = Debug|Any CPU
		{26100A45-C9B9-460B-8DD5-9D72F446C3E9}.Release|Any CPU.ActiveCfg = Release|Any CPU
		{26100A45-C9B9-460B-8DD5-9D72F446C3E9}.Release|Any CPU.Build.0 = Release|Any CPU
		{2300ACB4-0134-49E0-9A0A-B2BD6E51C981}.Debug|Any CPU.ActiveCfg = Debug|Any CPU
		{2300ACB4-0134-49E0-9A0A-B2BD6E51C981}.Debug|Any CPU.Build.0 = Debug|Any CPU
		{2300ACB4-0134-49E0-9A0A-B2BD6E51C981}.Release|Any CPU.ActiveCfg = Release|Any CPU
		{2300ACB4-0134-49E0-9A0A-B2BD6E51C981}.Release|Any CPU.Build.0 = Release|Any CPU
		{437BDD1D-51D6-4531-B558-7EC0F61FD8C8}.Debug|Any CPU.ActiveCfg = Debug|Any CPU
		{437BDD1D-51D6-4531-B558-7EC0F61FD8C8}.Debug|Any CPU.Build.0 = Debug|Any CPU
		{437BDD1D-51D6-4531-B558-7EC0F61FD8C8}.Release|Any CPU.ActiveCfg = Release|Any CPU
		{437BDD1D-51D6-4531-B558-7EC0F61FD8C8}.Release|Any CPU.Build.0 = Release|Any CPU
		{43D7AAAE-4B58-4F59-9FBA-413769E10555}.Debug|Any CPU.ActiveCfg = Debug|Any CPU
		{43D7AAAE-4B58-4F59-9FBA-413769E10555}.Debug|Any CPU.Build.0 = Debug|Any CPU
		{43D7AAAE-4B58-4F59-9FBA-413769E10555}.Release|Any CPU.ActiveCfg = Release|Any CPU
		{43D7AAAE-4B58-4F59-9FBA-413769E10555}.Release|Any CPU.Build.0 = Release|Any CPU
		{B1C37F6A-F7E9-4D42-8486-B17CA995DDFF}.Debug|Any CPU.ActiveCfg = Debug|Any CPU
		{B1C37F6A-F7E9-4D42-8486-B17CA995DDFF}.Debug|Any CPU.Build.0 = Debug|Any CPU
		{B1C37F6A-F7E9-4D42-8486-B17CA995DDFF}.Release|Any CPU.ActiveCfg = Release|Any CPU
		{B1C37F6A-F7E9-4D42-8486-B17CA995DDFF}.Release|Any CPU.Build.0 = Release|Any CPU
		{A39D4D9A-1020-4FF0-BD60-D8A0C38F3F81}.Debug|Any CPU.ActiveCfg = Debug|Any CPU
		{A39D4D9A-1020-4FF0-BD60-D8A0C38F3F81}.Debug|Any CPU.Build.0 = Debug|Any CPU
		{A39D4D9A-1020-4FF0-BD60-D8A0C38F3F81}.Release|Any CPU.ActiveCfg = Release|Any CPU
		{A39D4D9A-1020-4FF0-BD60-D8A0C38F3F81}.Release|Any CPU.Build.0 = Release|Any CPU
		{ECB8F278-9B2A-4FE9-A0C2-3DD7F2C826EC}.Debug|Any CPU.ActiveCfg = Debug|Any CPU
		{ECB8F278-9B2A-4FE9-A0C2-3DD7F2C826EC}.Debug|Any CPU.Build.0 = Debug|Any CPU
		{ECB8F278-9B2A-4FE9-A0C2-3DD7F2C826EC}.Release|Any CPU.ActiveCfg = Release|Any CPU
		{ECB8F278-9B2A-4FE9-A0C2-3DD7F2C826EC}.Release|Any CPU.Build.0 = Release|Any CPU
	EndGlobalSection
	GlobalSection(SolutionProperties) = preSolution
		HideSolutionNode = FALSE
	EndGlobalSection
	GlobalSection(NestedProjects) = preSolution
		{CF9CB2F9-0B9A-4A9A-B70F-0F19F3F72834} = {8E827EB8-38E5-4A2C-BB52-3EA58B191293}
		{2AA01556-5CE7-4105-A46C-99DA399E2E95} = {8E827EB8-38E5-4A2C-BB52-3EA58B191293}
		{CBD36F1C-DBC4-419A-98A1-38CB0200683E} = {3A963862-5845-47DD-B5BC-8C86984A4240}
		{B5ABFD51-1A87-4B45-BA84-C6D14B8E0C59} = {3A963862-5845-47DD-B5BC-8C86984A4240}
		{C2D92443-3484-40A0-8A5F-72041CD74720} = {B11DAEF9-B22E-4D7C-84E1-0158372B8FCD}
		{EEE1E714-0491-4149-BC44-5B8FFF0B2E78} = {B11DAEF9-B22E-4D7C-84E1-0158372B8FCD}
		{31B0F4C6-0546-44C2-8567-99AC9CEDD39F} = {3A861800-C240-405E-9C60-B80E4AD9CF2F}
		{B4F8E99A-2329-4CF5-9405-F34A0FB35E9C} = {3A861800-C240-405E-9C60-B80E4AD9CF2F}
		{36BB1CCB-A551-4701-B41D-FB4836C5409E} = {155BB2C7-1B70-4041-A0D6-7FD9E23E6E48}
		{9837CD05-A484-48A6-87D1-20C08EFCBDE2} = {155BB2C7-1B70-4041-A0D6-7FD9E23E6E48}
		{E3395808-20D3-4ABA-B348-6ECB2ECC7924} = {B308D0E3-E523-4E7B-80AD-4B619CD129B1}
		{2C8A6EB4-F2E3-4BF7-8E22-C545B1C7BFF5} = {B308D0E3-E523-4E7B-80AD-4B619CD129B1}
		{4F98D952-7635-4457-B085-0E82B6FB5060} = {9D3E8526-1DB9-4F08-A314-34CCBF661AAE}
		{39C4DC90-19DB-4864-BDA1-CF440DBD783C} = {9D3E8526-1DB9-4F08-A314-34CCBF661AAE}
		{D72CAE35-5CBA-459B-8803-635F0FF55EC9} = {5F4B17C2-8ED4-4212-AD1C-B771A8C0F375}
		{9976BDFF-0290-430E-8D1B-AB73C5DBCFF9} = {5F4B17C2-8ED4-4212-AD1C-B771A8C0F375}
		{ED83D682-DE17-46D4-A85B-C243537FC1A7} = {4EF8B03B-72D8-426F-992D-B5F8E22805F3}
		{C0701343-35F9-42F2-8A91-D520FFE39CCF} = {4EF8B03B-72D8-426F-992D-B5F8E22805F3}
		{0366CECB-60F7-4615-A0BD-5B017479FFFA} = {476A38F3-718B-4719-BFB6-77A562115A5E}
		{C3F854DC-7C58-4A07-BBA6-490810E0632F} = {476A38F3-718B-4719-BFB6-77A562115A5E}
		{26100A45-C9B9-460B-8DD5-9D72F446C3E9} = {8CB3C308-0EBE-4316-9335-8CEECE5C2231}
		{2300ACB4-0134-49E0-9A0A-B2BD6E51C981} = {F9F7B3EE-4197-45DA-8D47-9AA2526B471D}
		{437BDD1D-51D6-4531-B558-7EC0F61FD8C8} = {3EF2C292-D1F4-4A05-9650-E0C518895095}
		{43D7AAAE-4B58-4F59-9FBA-413769E10555} = {3EF2C292-D1F4-4A05-9650-E0C518895095}
		{B1C37F6A-F7E9-4D42-8486-B17CA995DDFF} = {021CED46-CE79-4611-85C3-08E2D5826687}
		{A39D4D9A-1020-4FF0-BD60-D8A0C38F3F81} = {021CED46-CE79-4611-85C3-08E2D5826687}
		{ECB8F278-9B2A-4FE9-A0C2-3DD7F2C826EC} = {6B937290-DA97-4ADD-8189-9A3E27364C72}
	EndGlobalSection
EndGlobal
